
Microsoft Visual Studio Solution File, Format Version 12.00
# Visual Studio 2013
VisualStudioVersion = 12.0.30723.0
MinimumVisualStudioVersion = 10.0.40219.1
Project("{FAE04EC0-301F-11D3-BF4B-00C04F79EFBC}") = "PandaDoc.Tests", "PandaDoc.Tests\PandaDoc.Tests.csproj", "{5602DA42-98D2-4273-8E00-62C072A3B4F3}"
EndProject
Project("{FAE04EC0-301F-11D3-BF4B-00C04F79EFBC}") = "PandaDoc", "PandaDoc\PandaDoc.csproj", "{4A812E8A-F401-45C7-BEB7-5F1184A49D24}"
EndProject
Project("{FAE04EC0-301F-11D3-BF4B-00C04F79EFBC}") = "PandaDoc.WebhookTests", "PandaDoc.WebhookTests\PandaDoc.WebhookTests.csproj", "{A4E350DC-BBD4-4394-AD9D-BB27A6AC74AF}"
EndProject
Global
	GlobalSection(SolutionConfigurationPlatforms) = preSolution
		Debug|Any CPU = Debug|Any CPU
		Release|Any CPU = Release|Any CPU
	EndGlobalSection
	GlobalSection(ProjectConfigurationPlatforms) = postSolution
		{5602DA42-98D2-4273-8E00-62C072A3B4F3}.Debug|Any CPU.ActiveCfg = Debug|Any CPU
		{5602DA42-98D2-4273-8E00-62C072A3B4F3}.Debug|Any CPU.Build.0 = Debug|Any CPU
		{5602DA42-98D2-4273-8E00-62C072A3B4F3}.Release|Any CPU.ActiveCfg = Release|Any CPU
		{5602DA42-98D2-4273-8E00-62C072A3B4F3}.Release|Any CPU.Build.0 = Release|Any CPU
		{4A812E8A-F401-45C7-BEB7-5F1184A49D24}.Debug|Any CPU.ActiveCfg = Debug|Any CPU
		{4A812E8A-F401-45C7-BEB7-5F1184A49D24}.Debug|Any CPU.Build.0 = Debug|Any CPU
		{4A812E8A-F401-45C7-BEB7-5F1184A49D24}.Release|Any CPU.ActiveCfg = Release|Any CPU
		{4A812E8A-F401-45C7-BEB7-5F1184A49D24}.Release|Any CPU.Build.0 = Release|Any CPU
		{A4E350DC-BBD4-4394-AD9D-BB27A6AC74AF}.Debug|Any CPU.ActiveCfg = Debug|Any CPU
		{A4E350DC-BBD4-4394-AD9D-BB27A6AC74AF}.Debug|Any CPU.Build.0 = Debug|Any CPU
		{A4E350DC-BBD4-4394-AD9D-BB27A6AC74AF}.Release|Any CPU.ActiveCfg = Release|Any CPU
		{A4E350DC-BBD4-4394-AD9D-BB27A6AC74AF}.Release|Any CPU.Build.0 = Release|Any CPU
	EndGlobalSection
	GlobalSection(SolutionProperties) = preSolution
		HideSolutionNode = FALSE
	EndGlobalSection
EndGlobal
